
Microsoft Visual Studio Solution File, Format Version 12.00
# Visual Studio Version 16
VisualStudioVersion = 16.0.32106.194
MinimumVisualStudioVersion = 10.0.40219.1
Project("{9A19103F-16F7-4668-BE54-9A1E7A4F7556}") = "MaJyx Easy Rename", "MaJyx Easy Rename.csproj", "{3FE4625E-64B9-4B7F-A89F-796F5B2A8F74}"
EndProject
Global
	GlobalSection(SolutionConfigurationPlatforms) = preSolution
		Debug|Any CPU = Debug|Any CPU
		Release|Any CPU = Release|Any CPU
	EndGlobalSection
	GlobalSection(ProjectConfigurationPlatforms) = postSolution
		{3FE4625E-64B9-4B7F-A89F-796F5B2A8F74}.Debug|Any CPU.ActiveCfg = Debug|Any CPU
		{3FE4625E-64B9-4B7F-A89F-796F5B2A8F74}.Debug|Any CPU.Build.0 = Debug|Any CPU
		{3FE4625E-64B9-4B7F-A89F-796F5B2A8F74}.Release|Any CPU.ActiveCfg = Release|Any CPU
		{3FE4625E-64B9-4B7F-A89F-796F5B2A8F74}.Release|Any CPU.Build.0 = Release|Any CPU
	EndGlobalSection
	GlobalSection(SolutionProperties) = preSolution
		HideSolutionNode = FALSE
	EndGlobalSection
	GlobalSection(ExtensibilityGlobals) = postSolution
		SolutionGuid = {C53E69ED-C11D-4D62-903A-6D52F782378A}
	EndGlobalSection
EndGlobal
